{
  "name": "Artboard-Creator",
  "version": "1.0.0",
  "lockfileVersion": 1,
  "requires": true,
  "dependencies": {
    "@bitr/castable": {
      "version": "1.0.3",
      "resolved": "https://registry.npmjs.org/@bitr/castable/-/castable-1.0.3.tgz",
      "integrity": "sha512-xeRmzZ8J5V0VSI1l2qEirDcsPYLd9hn8gGveVNAIGe9XSrODBn5+6/AuNQ+ksGsBcoJa9lnPwEXzkWieVx7Elg==",
      "requires": {
        "reflect-metadata": "^0.1.10"
      }
    },
    "@figma/plugin-typings": {
      "version": "1.15.0",
      "resolved": "https://registry.npmjs.org/@figma/plugin-typings/-/plugin-typings-1.15.0.tgz",
      "integrity": "sha512-Lr6QShIKlQNW9qdnneGr5+TIXH+EvapyfDvaaZHj7rACqIEslkZmH1mV4AmQHEs9FK5rqJMmKfSkNUNM2fztPg=="
    },
    "reflect-metadata": {
      "version": "0.1.13",
      "resolved": "https://registry.npmjs.org/reflect-metadata/-/reflect-metadata-0.1.13.tgz",
      "integrity": "sha512-Ts1Y/anZELhSsjMcU605fU9RE4Oi3p5ORujwbIKXfWa+0Zxs510Qrmrce5/Jowq3cHSZSJqBjypxmHarc+vEWg=="
    }
  }
}
