# THIS IS AN AUTOGENERATED FILE. DO NOT EDIT THIS FILE DIRECTLY.
# yarn lockfile v1


"@bitr/castable@^1.0.3":
  version "1.0.3"
  resolved "https://registry.yarnpkg.com/@bitr/castable/-/castable-1.0.3.tgz#77ead4c0e64c23112751db60629f083d3a941210"
  integrity sha512-xeRmzZ8J5V0VSI1l2qEirDcsPYLd9hn8gGveVNAIGe9XSrODBn5+6/AuNQ+ksGsBcoJa9lnPwEXzkWieVx7Elg==
  dependencies:
    reflect-metadata "^0.1.10"

"@figma/plugin-typings@^1.15.0":
  version "1.15.0"
  resolved "https://registry.yarnpkg.com/@figma/plugin-typings/-/plugin-typings-1.15.0.tgz#7563639f2ee44b118a136be78d754fa2cc4f3ede"
  integrity sha512-Lr6QShIKlQNW9qdnneGr5+TIXH+EvapyfDvaaZHj7rACqIEslkZmH1mV4AmQHEs9FK5rqJMmKfSkNUNM2fztPg==

figma-plugin-ds@^0.1.3:
  version "0.1.3"
  resolved "https://registry.yarnpkg.com/figma-plugin-ds/-/figma-plugin-ds-0.1.3.tgz#2611b26e50d982d308dc5fbb8bd5a819d5671fd4"
  integrity sha512-yEOtDivaeFoRB1zDSrn2aCmxmm5+SlD2gBkpfS9fHs8vQQQWL4aoNBO4A6eemY04UeuDy1ayx1Z7IEyBV3OqOw==

reflect-metadata@^0.1.10:
  version "0.1.13"
  resolved "https://registry.yarnpkg.com/reflect-metadata/-/reflect-metadata-0.1.13.tgz#67ae3ca57c972a2aa1642b10fe363fe32d49dc08"
  integrity sha512-Ts1Y/anZELhSsjMcU605fU9RE4Oi3p5ORujwbIKXfWa+0Zxs510Qrmrce5/Jowq3cHSZSJqBjypxmHarc+vEWg==
